
Microsoft Visual Studio Solution File, Format Version 12.00
# Visual Studio 15
VisualStudioVersion = 15.0.26823.1
MinimumVisualStudioVersion = 10.0.40219.1
Project("{9A19103F-16F7-4668-BE54-9A1E7A4F7556}") = "Admin", "Admin\Admin.csproj", "{6632AC5F-3ADD-4127-A1B7-92A2A97120E8}"
EndProject
Project("{9A19103F-16F7-4668-BE54-9A1E7A4F7556}") = "DAL", "DAL\DAL.csproj", "{7F2EA6A2-C59C-426F-B7D8-376E4574BEAF}"
EndProject
Project("{9A19103F-16F7-4668-BE54-9A1E7A4F7556}") = "BLL", "BLL\BLL.csproj", "{BEE7973E-0669-4919-BC3E-F86F30CBAFCD}"
EndProject
Global
	GlobalSection(SolutionConfigurationPlatforms) = preSolution
		Debug|Any CPU = Debug|Any CPU
		Release|Any CPU = Release|Any CPU
	EndGlobalSection
	GlobalSection(ProjectConfigurationPlatforms) = postSolution
		{6632AC5F-3ADD-4127-A1B7-92A2A97120E8}.Debug|Any CPU.ActiveCfg = Debug|Any CPU
		{6632AC5F-3ADD-4127-A1B7-92A2A97120E8}.Debug|Any CPU.Build.0 = Debug|Any CPU
		{6632AC5F-3ADD-4127-A1B7-92A2A97120E8}.Release|Any CPU.ActiveCfg = Release|Any CPU
		{6632AC5F-3ADD-4127-A1B7-92A2A97120E8}.Release|Any CPU.Build.0 = Release|Any CPU
		{7F2EA6A2-C59C-426F-B7D8-376E4574BEAF}.Debug|Any CPU.ActiveCfg = Debug|Any CPU
		{7F2EA6A2-C59C-426F-B7D8-376E4574BEAF}.Debug|Any CPU.Build.0 = Debug|Any CPU
		{7F2EA6A2-C59C-426F-B7D8-376E4574BEAF}.Release|Any CPU.ActiveCfg = Release|Any CPU
		{7F2EA6A2-C59C-426F-B7D8-376E4574BEAF}.Release|Any CPU.Build.0 = Release|Any CPU
		{BEE7973E-0669-4919-BC3E-F86F30CBAFCD}.Debug|Any CPU.ActiveCfg = Debug|Any CPU
		{BEE7973E-0669-4919-BC3E-F86F30CBAFCD}.Debug|Any CPU.Build.0 = Debug|Any CPU
		{BEE7973E-0669-4919-BC3E-F86F30CBAFCD}.Release|Any CPU.ActiveCfg = Release|Any CPU
		{BEE7973E-0669-4919-BC3E-F86F30CBAFCD}.Release|Any CPU.Build.0 = Release|Any CPU
	EndGlobalSection
	GlobalSection(SolutionProperties) = preSolution
		HideSolutionNode = FALSE
	EndGlobalSection
	GlobalSection(ExtensibilityGlobals) = postSolution
		SolutionGuid = {6622A55E-14CB-4B30-BAB1-BD4D1C2E802F}
	EndGlobalSection
EndGlobal
